// !$*UTF8*$!
{
	archiveVersion = 1;
	classes = {
	};
	objectVersion = 48;
	objects = {

/* Begin PBXBuildFile section */
		5D69A8091FC58E8600ECD7B0 /* AppDelegate.swift in Sources */ = {isa = PBXBuildFile; fileRef = 5D69A8081FC58E8600ECD7B0 /* AppDelegate.swift */; };
		5D69A80B1FC58E8600ECD7B0 /* HomeViewController.swift in Sources */ = {isa = PBXBuildFile; fileRef = 5D69A80A1FC58E8600ECD7B0 /* HomeViewController.swift */; };
		5D69A80E1FC58E8600ECD7B0 /* Main.storyboard in Resources */ = {isa = PBXBuildFile; fileRef = 5D69A80C1FC58E8600ECD7B0 /* Main.storyboard */; };
		5D69A8101FC58E8600ECD7B0 /* Assets.xcassets in Resources */ = {isa = PBXBuildFile; fileRef = 5D69A80F1FC58E8600ECD7B0 /* Assets.xcassets */; };
		5D69A8211FC5933000ECD7B0 /* LaunchViewController.swift in Sources */ = {isa = PBXBuildFile; fileRef = 5D69A8201FC5933000ECD7B0 /* LaunchViewController.swift */; };
		5D69A8241FC5A0DD00ECD7B0 /* Localizer.swift in Sources */ = {isa = PBXBuildFile; fileRef = 5D69A8231FC5A0DD00ECD7B0 /* Localizer.swift */; };
		5D69A8261FC5A17A00ECD7B0 /* Constants.swift in Sources */ = {isa = PBXBuildFile; fileRef = 5D69A8251FC5A17A00ECD7B0 /* Constants.swift */; };
		5D69A8291FC5A38B00ECD7B0 /* Localizable.strings in Resources */ = {isa = PBXBuildFile; fileRef = 5D69A82B1FC5A38B00ECD7B0 /* Localizable.strings */; };
		5D69A82E1FC5AB4500ECD7B0 /* LaunchScreen.storyboard in Resources */ = {isa = PBXBuildFile; fileRef = 5D69A82D1FC5AB4500ECD7B0 /* LaunchScreen.storyboard */; };
/* End PBXBuildFile section */

/* Begin PBXFileReference section */
		5D69A8051FC58E8600ECD7B0 /* Localization.app */ = {isa = PBXFileReference; explicitFileType = wrapper.application; includeInIndex = 0; path = Localization.app; sourceTree = BUILT_PRODUCTS_DIR; };
		5D69A8081FC58E8600ECD7B0 /* AppDelegate.swift */ = {isa = PBXFileReference; lastKnownFileType = sourcecode.swift; path = AppDelegate.swift; sourceTree = "<group>"; };
		5D69A80A1FC58E8600ECD7B0 /* HomeViewController.swift */ = {isa = PBXFileReference; lastKnownFileType = sourcecode.swift; path = HomeViewController.swift; sourceTree = "<group>"; };
		5D69A80D1FC58E8600ECD7B0 /* Base */ = {isa = PBXFileReference; lastKnownFileType = file.storyboard; name = Base; path = Base.lproj/Main.storyboard; sourceTree = "<group>"; };
		5D69A80F1FC58E8600ECD7B0 /* Assets.xcassets */ = {isa = PBXFileReference; lastKnownFileType = folder.assetcatalog; path = Assets.xcassets; sourceTree = "<group>"; };
		5D69A8141FC58E8600ECD7B0 /* Info.plist */ = {isa = PBXFileReference; lastKnownFileType = text.plist.xml; path = Info.plist; sourceTree = "<group>"; };
		5D69A8201FC5933000ECD7B0 /* LaunchViewController.swift */ = {isa = PBXFileReference; lastKnownFileType = sourcecode.swift; path = LaunchViewController.swift; sourceTree = "<group>"; };
		5D69A8231FC5A0DD00ECD7B0 /* Localizer.swift */ = {isa = PBXFileReference; lastKnownFileType = sourcecode.swift; path = Localizer.swift; sourceTree = "<group>"; };
		5D69A8251FC5A17A00ECD7B0 /* Constants.swift */ = {isa = PBXFileReference; lastKnownFileType = sourcecode.swift; path = Constants.swift; sourceTree = "<group>"; };
		5D69A82A1FC5A38B00ECD7B0 /* en */ = {isa = PBXFileReference; lastKnownFileType = text.plist.strings; name = en; path = en.lproj/Localizable.strings; sourceTree = "<group>"; };
		5D69A82C1FC5A39C00ECD7B0 /* ar */ = {isa = PBXFileReference; lastKnownFileType = text.plist.strings; name = ar; path = ar.lproj/Localizable.strings; sourceTree = "<group>"; };
		5D69A82D1FC5AB4500ECD7B0 /* LaunchScreen.storyboard */ = {isa = PBXFileReference; lastKnownFileType = file.storyboard; path = LaunchScreen.storyboard; sourceTree = "<group>"; };
/* End PBXFileReference section */

/* Begin PBXFrameworksBuildPhase section */
		5D69A8021FC58E8600ECD7B0 /* Frameworks */ = {
			isa = PBXFrameworksBuildPhase;
			buildActionMask = 2147483647;
			files = (
			);
			runOnlyForDeploymentPostprocessing = 0;
		};
/* End PBXFrameworksBuildPhase section */

/* Begin PBXGroup section */
		5D69A7FC1FC58E8600ECD7B0 = {
			isa = PBXGroup;
			children = (
				5D69A8071FC58E8600ECD7B0 /* Localization */,
				5D69A8061FC58E8600ECD7B0 /* Products */,
			);
			sourceTree = "<group>";
		};
		5D69A8061FC58E8600ECD7B0 /* Products */ = {
			isa = PBXGroup;
			children = (
				5D69A8051FC58E8600ECD7B0 /* Localization.app */,
			);
			name = Products;
			sourceTree = "<group>";
		};
		5D69A8071FC58E8600ECD7B0 /* Localization */ = {
			isa = PBXGroup;
			children = (
				5D69A81C1FC58EDE00ECD7B0 /* App Delegate */,
				5D69A81D1FC58EFC00ECD7B0 /* Controllers */,
				5D69A8221FC5A0BE00ECD7B0 /* Helpers */,
				5D69A81E1FC58F1100ECD7B0 /* Storyboards */,
				5D69A81F1FC58F2200ECD7B0 /* Supporting Files */,
			);
			path = Localization;
			sourceTree = "<group>";
		};
		5D69A81C1FC58EDE00ECD7B0 /* App Delegate */ = {
			isa = PBXGroup;
			children = (
				5D69A8081FC58E8600ECD7B0 /* AppDelegate.swift */,
			);
			path = "App Delegate";
			sourceTree = "<group>";
		};
		5D69A81D1FC58EFC00ECD7B0 /* Controllers */ = {
			isa = PBXGroup;
			children = (
				5D69A8201FC5933000ECD7B0 /* LaunchViewController.swift */,
				5D69A80A1FC58E8600ECD7B0 /* HomeViewController.swift */,
			);
			path = Controllers;
			sourceTree = "<group>";
		};
		5D69A81E1FC58F1100ECD7B0 /* Storyboards */ = {
			isa = PBXGroup;
			children = (
				5D69A80C1FC58E8600ECD7B0 /* Main.storyboard */,
				5D69A82D1FC5AB4500ECD7B0 /* LaunchScreen.storyboard */,
			);
			path = Storyboards;
			sourceTree = "<group>";
		};
		5D69A81F1FC58F2200ECD7B0 /* Supporting Files */ = {
			isa = PBXGroup;
			children = (
				5D69A80F1FC58E8600ECD7B0 /* Assets.xcassets */,
				5D69A82B1FC5A38B00ECD7B0 /* Localizable.strings */,
				5D69A8141FC58E8600ECD7B0 /* Info.plist */,
			);
			path = "Supporting Files";
			sourceTree = "<group>";
		};
		5D69A8221FC5A0BE00ECD7B0 /* Helpers */ = {
			isa = PBXGroup;
			children = (
				5D69A8231FC5A0DD00ECD7B0 /* Localizer.swift */,
				5D69A8251FC5A17A00ECD7B0 /* Constants.swift */,
			);
			path = Helpers;
			sourceTree = "<group>";
		};
/* End PBXGroup section */

/* Begin PBXNativeTarget section */
		5D69A8041FC58E8600ECD7B0 /* Localization */ = {
			isa = PBXNativeTarget;
			buildConfigurationList = 5D69A8171FC58E8600ECD7B0 /* Build configuration list for PBXNativeTarget "Localization" */;
			buildPhases = (
				5D69A8011FC58E8600ECD7B0 /* Sources */,
				5D69A8021FC58E8600ECD7B0 /* Frameworks */,
				5D69A8031FC58E8600ECD7B0 /* Resources */,
			);
			buildRules = (
			);
			dependencies = (
			);
			name = Localization;
			productName = Localization;
			productReference = 5D69A8051FC58E8600ECD7B0 /* Localization.app */;
			productType = "com.apple.product-type.application";
		};
/* End PBXNativeTarget section */

/* Begin PBXProject section */
		5D69A7FD1FC58E8600ECD7B0 /* Project object */ = {
			isa = PBXProject;
			attributes = {
				LastSwiftUpdateCheck = 0910;
				LastUpgradeCheck = 0910;
				ORGANIZATIONNAME = "Anas Alhasani";
				TargetAttributes = {
					5D69A8041FC58E8600ECD7B0 = {
						CreatedOnToolsVersion = 9.1;
						ProvisioningStyle = Automatic;
					};
				};
			};
			buildConfigurationList = 5D69A8001FC58E8600ECD7B0 /* Build configuration list for PBXProject "Localization" */;
			compatibilityVersion = "Xcode 8.0";
			developmentRegion = en;
			hasScannedForEncodings = 0;
			knownRegions = (
				en,
				Base,
				ar,
			);
			mainGroup = 5D69A7FC1FC58E8600ECD7B0;
			productRefGroup = 5D69A8061FC58E8600ECD7B0 /* Products */;
			projectDirPath = "";
			projectRoot = "";
			targets = (
				5D69A8041FC58E8600ECD7B0 /* Localization */,
			);
		};
/* End PBXProject section */

/* Begin PBXResourcesBuildPhase section */
		5D69A8031FC58E8600ECD7B0 /* Resources */ = {
			isa = PBXResourcesBuildPhase;
			buildActionMask = 2147483647;
			files = (
				5D69A8101FC58E8600ECD7B0 /* Assets.xcassets in Resources */,
				5D69A8291FC5A38B00ECD7B0 /* Localizable.strings in Resources */,
				5D69A82E1FC5AB4500ECD7B0 /* LaunchScreen.storyboard in Resources */,
				5D69A80E1FC58E8600ECD7B0 /* Main.storyboard in Resources */,
			);
			runOnlyForDeploymentPostprocessing = 0;
		};
/* End PBXResourcesBuildPhase section */

/* Begin PBXSourcesBuildPhase section */
		5D69A8011FC58E8600ECD7B0 /* Sources */ = {
			isa = PBXSourcesBuildPhase;
			buildActionMask = 2147483647;
			files = (
				5D69A8261FC5A17A00ECD7B0 /* Constants.swift in Sources */,
				5D69A80B1FC58E8600ECD7B0 /* HomeViewController.swift in Sources */,
				5D69A8211FC5933000ECD7B0 /* LaunchViewController.swift in Sources */,
				5D69A8091FC58E8600ECD7B0 /* AppDelegate.swift in Sources */,
				5D69A8241FC5A0DD00ECD7B0 /* Localizer.swift in Sources */,
			);
			runOnlyForDeploymentPostprocessing = 0;
		};
/* End PBXSourcesBuildPhase section */

/* Begin PBXVariantGroup section */
		5D69A80C1FC58E8600ECD7B0 /* Main.storyboard */ = {
			isa = PBXVariantGroup;
			children = (
				5D69A80D1FC58E8600ECD7B0 /* Base */,
			);
			name = Main.storyboard;
			sourceTree = "<group>";
		};
		5D69A82B1FC5A38B00ECD7B0 /* Localizable.strings */ = {
			isa = PBXVariantGroup;
			children = (
				5D69A82A1FC5A38B00ECD7B0 /* en */,
				5D69A82C1FC5A39C00ECD7B0 /* ar */,
			);
			name = Localizable.strings;
			sourceTree = "<group>";
		};
/* End PBXVariantGroup section */

/* Begin XCBuildConfiguration section */
		5D69A8151FC58E8600ECD7B0 /* Debug */ = {
			isa = XCBuildConfiguration;
			buildSettings = {
				ALWAYS_SEARCH_USER_PATHS = NO;
				CLANG_ANALYZER_LOCALIZABILITY_NONLOCALIZED = YES;
				CLANG_ANALYZER_NONNULL = YES;
				CLANG_ANALYZER_NUMBER_OBJECT_CONVERSION = YES_AGGRESSIVE;
				CLANG_CXX_LANGUAGE_STANDARD = "gnu++14";
				CLANG_CXX_LIBRARY = "libc++";
				CLANG_ENABLE_MODULES = YES;
				CLANG_ENABLE_OBJC_ARC = YES;
				CLANG_WARN_BLOCK_CAPTURE_AUTORELEASING = YES;
				CLANG_WARN_BOOL_CONVERSION = YES;
				CLANG_WARN_COMMA = YES;
				CLANG_WARN_CONSTANT_CONVERSION = YES;
				CLANG_WARN_DIRECT_OBJC_ISA_USAGE = YES_ERROR;
				CLANG_WARN_DOCUMENTATION_COMMENTS = YES;
				CLANG_WARN_EMPTY_BODY = YES;
				CLANG_WARN_ENUM_CONVERSION = YES;
				CLANG_WARN_INFINITE_RECURSION = YES;
				CLANG_WARN_INT_CONVERSION = YES;
				CLANG_WARN_NON_LITERAL_NULL_CONVERSION = YES;
				CLANG_WARN_OBJC_LITERAL_CONVERSION = YES;
				CLANG_WARN_OBJC_ROOT_CLASS = YES_ERROR;
				CLANG_WARN_RANGE_LOOP_ANALYSIS = YES;
				CLANG_WARN_STRICT_PROTOTYPES = YES;
				CLANG_WARN_SUSPICIOUS_MOVE = YES;
				CLANG_WARN_UNGUARDED_AVAILABILITY = YES_AGGRESSIVE;
				CLANG_WARN_UNREACHABLE_CODE = YES;
				CLANG_WARN__DUPLICATE_METHOD_MATCH = YES;
				CODE_SIGN_IDENTITY = "iPhone Developer";
				COPY_PHASE_STRIP = NO;
				DEBUG_INFORMATION_FORMAT = dwarf;
				ENABLE_STRICT_OBJC_MSGSEND = YES;
				ENABLE_TESTABILITY = YES;
				GCC_C_LANGUAGE_STANDARD = gnu11;
				GCC_DYNAMIC_NO_PIC = NO;
				GCC_NO_COMMON_BLOCKS = YES;
				GCC_OPTIMIZATION_LEVEL = 0;
				GCC_PREPROCESSOR_DEFINITIONS = (
					"DEBUG=1",
					"$(inherited)",
				);
				GCC_WARN_64_TO_32_BIT_CONVERSION = YES;
				GCC_WARN_ABOUT_RETURN_TYPE = YES_ERROR;
				GCC_WARN_UNDECLARED_SELECTOR = YES;
				GCC_WARN_UNINITIALIZED_AUTOS = YES_AGGRESSIVE;
				GCC_WARN_UNUSED_FUNCTION = YES;
				GCC_WARN_UNUSED_VARIABLE = YES;
				IPHONEOS_DEPLOYMENT_TARGET = 11.1;
				MTL_ENABLE_DEBUG_INFO = YES;
				ONLY_ACTIVE_ARCH = YES;
				SDKROOT = iphoneos;
				SWIFT_ACTIVE_COMPILATION_CONDITIONS = DEBUG;
				SWIFT_OPTIMIZATION_LEVEL = "-Onone";
			};
			name = Debug;
		};
		5D69A8161FC58E8600ECD7B0 /* Release */ = {
			isa = XCBuildConfiguration;
			buildSettings = {
				ALWAYS_SEARCH_USER_PATHS = NO;
				CLANG_ANALYZER_LOCALIZABILITY_NONLOCALIZED = YES;
				CLANG_ANALYZER_NONNULL = YES;
				CLANG_ANALYZER_NUMBER_OBJECT_CONVERSION = YES_AGGRESSIVE;
				CLANG_CXX_LANGUAGE_STANDARD = "gnu++14";
				CLANG_CXX_LIBRARY = "libc++";
				CLANG_ENABLE_MODULES = YES;
				CLANG_ENABLE_OBJC_ARC = YES;
				CLANG_WARN_BLOCK_CAPTURE_AUTORELEASING = YES;
				CLANG_WARN_BOOL_CONVERSION = YES;
				CLANG_WARN_COMMA = YES;
				CLANG_WARN_CONSTANT_CONVERSION = YES;
				CLANG_WARN_DIRECT_OBJC_ISA_USAGE = YES_ERROR;
				CLANG_WARN_DOCUMENTATION_COMMENTS = YES;
				CLANG_WARN_EMPTY_BODY = YES;
				CLANG_WARN_ENUM_CONVERSION = YES;
				CLANG_WARN_INFINITE_RECURSION = YES;
				CLANG_WARN_INT_CONVERSION = YES;
				CLANG_WARN_NON_LITERAL_NULL_CONVERSION = YES;
				CLANG_WARN_OBJC_LITERAL_CONVERSION = YES;
				CLANG_WARN_OBJC_ROOT_CLASS = YES_ERROR;
				CLANG_WARN_RANGE_LOOP_ANALYSIS = YES;
				CLANG_WARN_STRICT_PROTOTYPES = YES;
				CLANG_WARN_SUSPICIOUS_MOVE = YES;
				CLANG_WARN_UNGUARDED_AVAILABILITY = YES_AGGRESSIVE;
				CLANG_WARN_UNREACHABLE_CODE = YES;
				CLANG_WARN__DUPLICATE_METHOD_MATCH = YES;
				CODE_SIGN_IDENTITY = "iPhone Developer";
				COPY_PHASE_STRIP = NO;
				DEBUG_INFORMATION_FORMAT = "dwarf-with-dsym";
				ENABLE_NS_ASSERTIONS = NO;
				ENABLE_STRICT_OBJC_MSGSEND = YES;
				GCC_C_LANGUAGE_STANDARD = gnu11;
				GCC_NO_COMMON_BLOCKS = YES;
				GCC_WARN_64_TO_32_BIT_CONVERSION = YES;
				GCC_WARN_ABOUT_RETURN_TYPE = YES_ERROR;
				GCC_WARN_UNDECLARED_SELECTOR = YES;
				GCC_WARN_UNINITIALIZED_AUTOS = YES_AGGRESSIVE;
				GCC_WARN_UNUSED_FUNCTION = YES;
				GCC_WARN_UNUSED_VARIABLE = YES;
				IPHONEOS_DEPLOYMENT_TARGET = 11.1;
				MTL_ENABLE_DEBUG_INFO = NO;
				SDKROOT = iphoneos;
				SWIFT_OPTIMIZATION_LEVEL = "-Owholemodule";
				VALIDATE_PRODUCT = YES;
			};
			name = Release;
		};
		5D69A8181FC58E8600ECD7B0 /* Debug */ = {
			isa = XCBuildConfiguration;
			buildSettings = {
				ASSETCATALOG_COMPILER_APPICON_NAME = AppIcon;
				CODE_SIGN_STYLE = Automatic;
				DEVELOPMENT_TEAM = 8TGLZGNSV2;
				INFOPLIST_FILE = "$(SRCROOT)/Localization/Supporting Files/Info.plist";
				IPHONEOS_DEPLOYMENT_TARGET = 10.0;
				LD_RUNPATH_SEARCH_PATHS = "$(inherited) @executable_path/Frameworks";
				PRODUCT_BUNDLE_IDENTIFIER = com.anasalhasani.Localization;
				PRODUCT_NAME = "$(TARGET_NAME)";
				SWIFT_VERSION = 4.0;
				TARGETED_DEVICE_FAMILY = 1;
			};
			name = Debug;
		};
		5D69A8191FC58E8600ECD7B0 /* Release */ = {
			isa = XCBuildConfiguration;
			buildSettings = {
				ASSETCATALOG_COMPILER_APPICON_NAME = AppIcon;
				CODE_SIGN_STYLE = Automatic;
				DEVELOPMENT_TEAM = 8TGLZGNSV2;
				INFOPLIST_FILE = "$(SRCROOT)/Localization/Supporting Files/Info.plist";
				IPHONEOS_DEPLOYMENT_TARGET = 10.0;
				LD_RUNPATH_SEARCH_PATHS = "$(inherited) @executable_path/Frameworks";
				PRODUCT_BUNDLE_IDENTIFIER = com.anasalhasani.Localization;
				PRODUCT_NAME = "$(TARGET_NAME)";
				SWIFT_VERSION = 4.0;
				TARGETED_DEVICE_FAMILY = 1;
			};
			name = Release;
		};
/* End XCBuildConfiguration section */

/* Begin XCConfigurationList section */
		5D69A8001FC58E8600ECD7B0 /* Build configuration list for PBXProject "Localization" */ = {
			isa = XCConfigurationList;
			buildConfigurations = (
				5D69A8151FC58E8600ECD7B0 /* Debug */,
				5D69A8161FC58E8600ECD7B0 /* Release */,
			);
			defaultConfigurationIsVisible = 0;
			defaultConfigurationName = Release;
		};
		5D69A8171FC58E8600ECD7B0 /* Build configuration list for PBXNativeTarget "Localization" */ = {
			isa = XCConfigurationList;
			buildConfigurations = (
				5D69A8181FC58E8600ECD7B0 /* Debug */,
				5D69A8191FC58E8600ECD7B0 /* Release */,
			);
			defaultConfigurationIsVisible = 0;
			defaultConfigurationName = Release;
		};
/* End XCConfigurationList section */
	};
	rootObject = 5D69A7FD1FC58E8600ECD7B0 /* Project object */;
}
